
Microsoft Visual Studio Solution File, Format Version 12.00
# Visual Studio Version 17
VisualStudioVersion = 17.4.33103.184
MinimumVisualStudioVersion = 10.0.40219.1
Project("{8BC9CEB8-8B4A-11D0-8D11-00A0C91BC942}") = "03_dz", "03_dz\03_dz.vcxproj", "{BA8D5A3E-C7C8-465E-B008-ED69F07AEEBE}"
EndProject
Project("{8BC9CEB8-8B4A-11D0-8D11-00A0C91BC942}") = "04_dz", "04_dz\04_dz.vcxproj", "{F9F23436-FCA6-47F8-B324-2EF2000ED5CE}"
EndProject
Project("{8BC9CEB8-8B4A-11D0-8D11-00A0C91BC942}") = "05_dz", "05_dz\05_dz.vcxproj", "{35BC0932-EF5D-4050-95C3-CBD3ED66DCFD}"
EndProject
Project("{8BC9CEB8-8B4A-11D0-8D11-00A0C91BC942}") = "06_dz", "06_dz\06_dz.vcxproj", "{6B296A0A-38DC-496B-B377-C8FBA9B77D47}"
EndProject
Project("{8BC9CEB8-8B4A-11D0-8D11-00A0C91BC942}") = "07_dz", "07_dz\07_dz.vcxproj", "{F6CFA246-8CB9-4E44-ADD6-7894C13829FA}"
EndProject
Project("{8BC9CEB8-8B4A-11D0-8D11-00A0C91BC942}") = "08_dz", "08_dz\08_dz.vcxproj", "{A3564E34-1473-4E2F-B988-DCE86C0A1569}"
EndProject
Project("{8BC9CEB8-8B4A-11D0-8D11-00A0C91BC942}") = "09_dz", "09_dz\09_dz.vcxproj", "{5B9D7FB7-4027-43A1-A40F-2FE3B3DDF6C7}"
EndProject
Project("{8BC9CEB8-8B4A-11D0-8D11-00A0C91BC942}") = "10_DZ", "10_DZ\10_DZ.vcxproj", "{8F7B0B9E-E3BA-41AE-AE86-8BFB072B32E2}"
EndProject
Project("{8BC9CEB8-8B4A-11D0-8D11-00A0C91BC942}") = "11_DZ", "11_DZ\11_DZ.vcxproj", "{D00997FD-B904-449B-B163-E0AE7DD404A4}"
EndProject
Project("{8BC9CEB8-8B4A-11D0-8D11-00A0C91BC942}") = "12_DZ", "12_DZ\12_DZ.vcxproj", "{D75094C1-002B-46A9-B3F3-58301D6E3B2E}"
EndProject
Project("{8BC9CEB8-8B4A-11D0-8D11-00A0C91BC942}") = "13_DZ", "13_DZ\13_DZ.vcxproj", "{CC325F16-6F5A-48D1-BFE5-9267F2C12093}"
EndProject
Project("{8BC9CEB8-8B4A-11D0-8D11-00A0C91BC942}") = "14_DZ", "14_DZ\14_DZ.vcxproj", "{6E4E639E-F7B6-4D92-A699-DB6D51B03009}"
EndProject
Project("{8BC9CEB8-8B4A-11D0-8D11-00A0C91BC942}") = "15_DZ", "15_DZ\15_DZ.vcxproj", "{F6A718F4-B688-4A6E-8168-DBA76F0496ED}"
EndProject
Project("{8BC9CEB8-8B4A-11D0-8D11-00A0C91BC942}") = "16_DZ", "16_DZ\16_DZ.vcxproj", "{99900F05-C365-44BC-B6CA-8C97CC10F7A7}"
EndProject
Project("{8BC9CEB8-8B4A-11D0-8D11-00A0C91BC942}") = "17_DZ", "17_DZ\17_DZ.vcxproj", "{A5603940-04D9-4459-8AF3-5D0F10A88EAF}"
EndProject
Project("{8BC9CEB8-8B4A-11D0-8D11-00A0C91BC942}") = "18.1_DZ", "18.1_DZ\18.1_DZ.vcxproj", "{79D14953-291F-4A29-9DCE-9E599965B7AB}"
EndProject
Project("{8BC9CEB8-8B4A-11D0-8D11-00A0C91BC942}") = "18.2_DZ", "18_DZ\18_DZ.vcxproj", "{21A8EE90-311B-493C-8BDB-F8FD092E13DD}"
EndProject
Project("{8BC9CEB8-8B4A-11D0-8D11-00A0C91BC942}") = "19.1_DZ", "19.1_DZ\19.1_DZ.vcxproj", "{564A642B-3EB3-4B29-B0D7-91FA74583AD7}"
EndProject
Project("{8BC9CEB8-8B4A-11D0-8D11-00A0C91BC942}") = "19.2_DZ", "19.2_DZ\19.2_DZ.vcxproj", "{7B80CBD8-E166-439F-95A0-9D8540DD8361}"
EndProject
Project("{8BC9CEB8-8B4A-11D0-8D11-00A0C91BC942}") = "19.X_DZ (15shki)", "19.X_DZ (15shki)\19.X_DZ (15shki).vcxproj", "{A3E94BC8-7D3A-40E7-AB56-D83C939EBD11}"
EndProject
Project("{8BC9CEB8-8B4A-11D0-8D11-00A0C91BC942}") = "20.1_DZ", "20.1_DZ\20.1_DZ.vcxproj", "{6DE7B5B3-ABF4-4B3F-9862-87D237B72282}"
EndProject
Project("{8BC9CEB8-8B4A-11D0-8D11-00A0C91BC942}") = "20.2_DZ", "20.2_DZ\20.2_DZ.vcxproj", "{E1F5121C-B3B8-461B-8006-3F425FC59EA6}"
EndProject
Project("{8BC9CEB8-8B4A-11D0-8D11-00A0C91BC942}") = "21_DZ", "21_DZ\21_DZ.vcxproj", "{86C0508B-111E-4B4E-BFC1-ECC53C38676D}"
EndProject
Project("{8BC9CEB8-8B4A-11D0-8D11-00A0C91BC942}") = "21_DZ_miner", "21_DZ_miner\21_DZ_miner.vcxproj", "{7F2E70A6-605C-4E7A-B691-2EEF4C525172}"
EndProject
Project("{8BC9CEB8-8B4A-11D0-8D11-00A0C91BC942}") = "22_DZ", "22_DZ\22_DZ.vcxproj", "{21AFF648-A76D-4C81-AE19-3066BE6C4F3D}"
EndProject
Project("{8BC9CEB8-8B4A-11D0-8D11-00A0C91BC942}") = "23_DZ", "23_DZ\23_DZ.vcxproj", "{EDC6A836-7A44-4B70-9121-250298AFF877}"
EndProject
Project("{8BC9CEB8-8B4A-11D0-8D11-00A0C91BC942}") = "24_DZ", "24_DZ\24_DZ.vcxproj", "{2DE21970-AB21-46AB-BCAA-B6A0D718766B}"
EndProject
Project("{8BC9CEB8-8B4A-11D0-8D11-00A0C91BC942}") = "25_DZ", "25_DZ\25_DZ.vcxproj", "{C299D370-A0F4-4C08-A7C1-CF562ECCFD81}"
EndProject
Project("{8BC9CEB8-8B4A-11D0-8D11-00A0C91BC942}") = "26.1_DZ", "26.1_DZ\26.1_DZ.vcxproj", "{174458B0-4CC3-4A0D-9408-F0A40A3087BB}"
EndProject
Project("{8BC9CEB8-8B4A-11D0-8D11-00A0C91BC942}") = "26.2.1_DZ", "26.2.1_DZ\26.2.1_DZ.vcxproj", "{EC77C361-6A5D-4009-8DCA-74DC6029477F}"
EndProject
Project("{8BC9CEB8-8B4A-11D0-8D11-00A0C91BC942}") = "26.2.2_DZ", "26.2.2_DZ\26.2.2_DZ.vcxproj", "{C65ECEE6-48B2-4A4D-BF63-18F2CEA5CD0A}"
EndProject
Project("{8BC9CEB8-8B4A-11D0-8D11-00A0C91BC942}") = "27_DZ", "27_DZ\27_DZ.vcxproj", "{DBB1568A-ED25-4D7D-AC66-5EF0CF45660D}"
EndProject
Project("{8BC9CEB8-8B4A-11D0-8D11-00A0C91BC942}") = "28_DZ", "28_DZ\28_DZ.vcxproj", "{5BBC6E38-E3E6-43C7-9B74-A9C97D01369E}"
EndProject
Project("{8BC9CEB8-8B4A-11D0-8D11-00A0C91BC942}") = "29_DZ", "29_DZ\29_DZ.vcxproj", "{C6CEED55-306E-42EA-95A8-0555AF19A4E7}"
EndProject
Project("{8BC9CEB8-8B4A-11D0-8D11-00A0C91BC942}") = "29_DZ_Guess the word!", "29_DZ_Guess the word!\29_DZ_Guess the word!.vcxproj", "{085AB3F8-CE6A-4CC7-AAB4-DCB9A80A808D}"
EndProject
Project("{8BC9CEB8-8B4A-11D0-8D11-00A0C91BC942}") = "29_DZ_Morse_code", "29_DZ_Morse_code\29_DZ_Morse_code.vcxproj", "{EAFB4C49-997C-4BEF-BE01-BE0CCA9AF3BB}"
EndProject
Project("{8BC9CEB8-8B4A-11D0-8D11-00A0C91BC942}") = "30.1_DZ (time)", "30.1_DZ (time)\30.1_DZ (time).vcxproj", "{15DD1CAB-CD0B-4A02-ACC1-19DBF3DF86B7}"
EndProject
Project("{8BC9CEB8-8B4A-11D0-8D11-00A0C91BC942}") = "30.2_DZ (PersonalData)", "30.2_DZ (PersonalData)\30.2_DZ (PersonalData).vcxproj", "{99E4C21D-0E2B-4DD6-A1BC-901578E8232C}"
EndProject
Project("{8BC9CEB8-8B4A-11D0-8D11-00A0C91BC942}") = "30.3_DZ (water_heater)", "30.3_DZ (water_heater)\30.3_DZ (water_heater).vcxproj", "{75C124B1-703C-4953-9167-14F10C89EC93}"
EndProject
Project("{8BC9CEB8-8B4A-11D0-8D11-00A0C91BC942}") = "31_DZ", "31_DZ\31_DZ.vcxproj", "{8A1AE988-0311-44AB-A7AC-A7E52099274F}"
EndProject
Project("{8BC9CEB8-8B4A-11D0-8D11-00A0C91BC942}") = "32.1_DZ", "32.1_DZ\32.1_DZ.vcxproj", "{F650F8E7-0124-4688-B378-327D7034ED13}"
EndProject
Project("{8BC9CEB8-8B4A-11D0-8D11-00A0C91BC942}") = "32.2_DZ", "32.2_DZ\32.2_DZ.vcxproj", "{4E001DE2-0685-499F-8CA2-99CC9BD16306}"
EndProject
Global
	GlobalSection(SolutionConfigurationPlatforms) = preSolution
		Debug|x64 = Debug|x64
		Debug|x86 = Debug|x86
		Release|x64 = Release|x64
		Release|x86 = Release|x86
	EndGlobalSection
	GlobalSection(ProjectConfigurationPlatforms) = postSolution
		{BA8D5A3E-C7C8-465E-B008-ED69F07AEEBE}.Debug|x64.ActiveCfg = Debug|x64
		{BA8D5A3E-C7C8-465E-B008-ED69F07AEEBE}.Debug|x64.Build.0 = Debug|x64
		{BA8D5A3E-C7C8-465E-B008-ED69F07AEEBE}.Debug|x86.ActiveCfg = Debug|Win32
		{BA8D5A3E-C7C8-465E-B008-ED69F07AEEBE}.Debug|x86.Build.0 = Debug|Win32
		{BA8D5A3E-C7C8-465E-B008-ED69F07AEEBE}.Release|x64.ActiveCfg = Release|x64
		{BA8D5A3E-C7C8-465E-B008-ED69F07AEEBE}.Release|x64.Build.0 = Release|x64
		{BA8D5A3E-C7C8-465E-B008-ED69F07AEEBE}.Release|x86.ActiveCfg = Release|Win32
		{BA8D5A3E-C7C8-465E-B008-ED69F07AEEBE}.Release|x86.Build.0 = Release|Win32
		{F9F23436-FCA6-47F8-B324-2EF2000ED5CE}.Debug|x64.ActiveCfg = Debug|x64
		{F9F23436-FCA6-47F8-B324-2EF2000ED5CE}.Debug|x64.Build.0 = Debug|x64
		{F9F23436-FCA6-47F8-B324-2EF2000ED5CE}.Debug|x86.ActiveCfg = Debug|Win32
		{F9F23436-FCA6-47F8-B324-2EF2000ED5CE}.Debug|x86.Build.0 = Debug|Win32
		{F9F23436-FCA6-47F8-B324-2EF2000ED5CE}.Release|x64.ActiveCfg = Release|x64
		{F9F23436-FCA6-47F8-B324-2EF2000ED5CE}.Release|x64.Build.0 = Release|x64
		{F9F23436-FCA6-47F8-B324-2EF2000ED5CE}.Release|x86.ActiveCfg = Release|Win32
		{F9F23436-FCA6-47F8-B324-2EF2000ED5CE}.Release|x86.Build.0 = Release|Win32
		{35BC0932-EF5D-4050-95C3-CBD3ED66DCFD}.Debug|x64.ActiveCfg = Debug|x64
		{35BC0932-EF5D-4050-95C3-CBD3ED66DCFD}.Debug|x64.Build.0 = Debug|x64
		{35BC0932-EF5D-4050-95C3-CBD3ED66DCFD}.Debug|x86.ActiveCfg = Debug|Win32
		{35BC0932-EF5D-4050-95C3-CBD3ED66DCFD}.Debug|x86.Build.0 = Debug|Win32
		{35BC0932-EF5D-4050-95C3-CBD3ED66DCFD}.Release|x64.ActiveCfg = Release|x64
		{35BC0932-EF5D-4050-95C3-CBD3ED66DCFD}.Release|x64.Build.0 = Release|x64
		{35BC0932-EF5D-4050-95C3-CBD3ED66DCFD}.Release|x86.ActiveCfg = Release|Win32
		{35BC0932-EF5D-4050-95C3-CBD3ED66DCFD}.Release|x86.Build.0 = Release|Win32
		{6B296A0A-38DC-496B-B377-C8FBA9B77D47}.Debug|x64.ActiveCfg = Debug|x64
		{6B296A0A-38DC-496B-B377-C8FBA9B77D47}.Debug|x64.Build.0 = Debug|x64
		{6B296A0A-38DC-496B-B377-C8FBA9B77D47}.Debug|x86.ActiveCfg = Debug|Win32
		{6B296A0A-38DC-496B-B377-C8FBA9B77D47}.Debug|x86.Build.0 = Debug|Win32
		{6B296A0A-38DC-496B-B377-C8FBA9B77D47}.Release|x64.ActiveCfg = Release|x64
		{6B296A0A-38DC-496B-B377-C8FBA9B77D47}.Release|x64.Build.0 = Release|x64
		{6B296A0A-38DC-496B-B377-C8FBA9B77D47}.Release|x86.ActiveCfg = Release|Win32
		{6B296A0A-38DC-496B-B377-C8FBA9B77D47}.Release|x86.Build.0 = Release|Win32
		{F6CFA246-8CB9-4E44-ADD6-7894C13829FA}.Debug|x64.ActiveCfg = Debug|x64
		{F6CFA246-8CB9-4E44-ADD6-7894C13829FA}.Debug|x64.Build.0 = Debug|x64
		{F6CFA246-8CB9-4E44-ADD6-7894C13829FA}.Debug|x86.ActiveCfg = Debug|Win32
		{F6CFA246-8CB9-4E44-ADD6-7894C13829FA}.Debug|x86.Build.0 = Debug|Win32
		{F6CFA246-8CB9-4E44-ADD6-7894C13829FA}.Release|x64.ActiveCfg = Release|x64
		{F6CFA246-8CB9-4E44-ADD6-7894C13829FA}.Release|x64.Build.0 = Release|x64
		{F6CFA246-8CB9-4E44-ADD6-7894C13829FA}.Release|x86.ActiveCfg = Release|Win32
		{F6CFA246-8CB9-4E44-ADD6-7894C13829FA}.Release|x86.Build.0 = Release|Win32
		{A3564E34-1473-4E2F-B988-DCE86C0A1569}.Debug|x64.ActiveCfg = Debug|x64
		{A3564E34-1473-4E2F-B988-DCE86C0A1569}.Debug|x64.Build.0 = Debug|x64
		{A3564E34-1473-4E2F-B988-DCE86C0A1569}.Debug|x86.ActiveCfg = Debug|Win32
		{A3564E34-1473-4E2F-B988-DCE86C0A1569}.Debug|x86.Build.0 = Debug|Win32
		{A3564E34-1473-4E2F-B988-DCE86C0A1569}.Release|x64.ActiveCfg = Release|x64
		{A3564E34-1473-4E2F-B988-DCE86C0A1569}.Release|x64.Build.0 = Release|x64
		{A3564E34-1473-4E2F-B988-DCE86C0A1569}.Release|x86.ActiveCfg = Release|Win32
		{A3564E34-1473-4E2F-B988-DCE86C0A1569}.Release|x86.Build.0 = Release|Win32
		{5B9D7FB7-4027-43A1-A40F-2FE3B3DDF6C7}.Debug|x64.ActiveCfg = Debug|x64
		{5B9D7FB7-4027-43A1-A40F-2FE3B3DDF6C7}.Debug|x64.Build.0 = Debug|x64
		{5B9D7FB7-4027-43A1-A40F-2FE3B3DDF6C7}.Debug|x86.ActiveCfg = Debug|Win32
		{5B9D7FB7-4027-43A1-A40F-2FE3B3DDF6C7}.Debug|x86.Build.0 = Debug|Win32
		{5B9D7FB7-4027-43A1-A40F-2FE3B3DDF6C7}.Release|x64.ActiveCfg = Release|x64
		{5B9D7FB7-4027-43A1-A40F-2FE3B3DDF6C7}.Release|x64.Build.0 = Release|x64
		{5B9D7FB7-4027-43A1-A40F-2FE3B3DDF6C7}.Release|x86.ActiveCfg = Release|Win32
		{5B9D7FB7-4027-43A1-A40F-2FE3B3DDF6C7}.Release|x86.Build.0 = Release|Win32
		{8F7B0B9E-E3BA-41AE-AE86-8BFB072B32E2}.Debug|x64.ActiveCfg = Debug|x64
		{8F7B0B9E-E3BA-41AE-AE86-8BFB072B32E2}.Debug|x64.Build.0 = Debug|x64
		{8F7B0B9E-E3BA-41AE-AE86-8BFB072B32E2}.Debug|x86.ActiveCfg = Debug|Win32
		{8F7B0B9E-E3BA-41AE-AE86-8BFB072B32E2}.Debug|x86.Build.0 = Debug|Win32
		{8F7B0B9E-E3BA-41AE-AE86-8BFB072B32E2}.Release|x64.ActiveCfg = Release|x64
		{8F7B0B9E-E3BA-41AE-AE86-8BFB072B32E2}.Release|x64.Build.0 = Release|x64
		{8F7B0B9E-E3BA-41AE-AE86-8BFB072B32E2}.Release|x86.ActiveCfg = Release|Win32
		{8F7B0B9E-E3BA-41AE-AE86-8BFB072B32E2}.Release|x86.Build.0 = Release|Win32
		{D00997FD-B904-449B-B163-E0AE7DD404A4}.Debug|x64.ActiveCfg = Debug|x64
		{D00997FD-B904-449B-B163-E0AE7DD404A4}.Debug|x64.Build.0 = Debug|x64
		{D00997FD-B904-449B-B163-E0AE7DD404A4}.Debug|x86.ActiveCfg = Debug|Win32
		{D00997FD-B904-449B-B163-E0AE7DD404A4}.Debug|x86.Build.0 = Debug|Win32
		{D00997FD-B904-449B-B163-E0AE7DD404A4}.Release|x64.ActiveCfg = Release|x64
		{D00997FD-B904-449B-B163-E0AE7DD404A4}.Release|x64.Build.0 = Release|x64
		{D00997FD-B904-449B-B163-E0AE7DD404A4}.Release|x86.ActiveCfg = Release|Win32
		{D00997FD-B904-449B-B163-E0AE7DD404A4}.Release|x86.Build.0 = Release|Win32
		{D75094C1-002B-46A9-B3F3-58301D6E3B2E}.Debug|x64.ActiveCfg = Debug|x64
		{D75094C1-002B-46A9-B3F3-58301D6E3B2E}.Debug|x64.Build.0 = Debug|x64
		{D75094C1-002B-46A9-B3F3-58301D6E3B2E}.Debug|x86.ActiveCfg = Debug|Win32
		{D75094C1-002B-46A9-B3F3-58301D6E3B2E}.Debug|x86.Build.0 = Debug|Win32
		{D75094C1-002B-46A9-B3F3-58301D6E3B2E}.Release|x64.ActiveCfg = Release|x64
		{D75094C1-002B-46A9-B3F3-58301D6E3B2E}.Release|x64.Build.0 = Release|x64
		{D75094C1-002B-46A9-B3F3-58301D6E3B2E}.Release|x86.ActiveCfg = Release|Win32
		{D75094C1-002B-46A9-B3F3-58301D6E3B2E}.Release|x86.Build.0 = Release|Win32
		{CC325F16-6F5A-48D1-BFE5-9267F2C12093}.Debug|x64.ActiveCfg = Debug|x64
		{CC325F16-6F5A-48D1-BFE5-9267F2C12093}.Debug|x64.Build.0 = Debug|x64
		{CC325F16-6F5A-48D1-BFE5-9267F2C12093}.Debug|x86.ActiveCfg = Debug|Win32
		{CC325F16-6F5A-48D1-BFE5-9267F2C12093}.Debug|x86.Build.0 = Debug|Win32
		{CC325F16-6F5A-48D1-BFE5-9267F2C12093}.Release|x64.ActiveCfg = Release|x64
		{CC325F16-6F5A-48D1-BFE5-9267F2C12093}.Release|x64.Build.0 = Release|x64
		{CC325F16-6F5A-48D1-BFE5-9267F2C12093}.Release|x86.ActiveCfg = Release|Win32
		{CC325F16-6F5A-48D1-BFE5-9267F2C12093}.Release|x86.Build.0 = Release|Win32
		{6E4E639E-F7B6-4D92-A699-DB6D51B03009}.Debug|x64.ActiveCfg = Debug|x64
		{6E4E639E-F7B6-4D92-A699-DB6D51B03009}.Debug|x64.Build.0 = Debug|x64
		{6E4E639E-F7B6-4D92-A699-DB6D51B03009}.Debug|x86.ActiveCfg = Debug|Win32
		{6E4E639E-F7B6-4D92-A699-DB6D51B03009}.Debug|x86.Build.0 = Debug|Win32
		{6E4E639E-F7B6-4D92-A699-DB6D51B03009}.Release|x64.ActiveCfg = Release|x64
		{6E4E639E-F7B6-4D92-A699-DB6D51B03009}.Release|x64.Build.0 = Release|x64
		{6E4E639E-F7B6-4D92-A699-DB6D51B03009}.Release|x86.ActiveCfg = Release|Win32
		{6E4E639E-F7B6-4D92-A699-DB6D51B03009}.Release|x86.Build.0 = Release|Win32
		{F6A718F4-B688-4A6E-8168-DBA76F0496ED}.Debug|x64.ActiveCfg = Debug|x64
		{F6A718F4-B688-4A6E-8168-DBA76F0496ED}.Debug|x64.Build.0 = Debug|x64
		{F6A718F4-B688-4A6E-8168-DBA76F0496ED}.Debug|x86.ActiveCfg = Debug|Win32
		{F6A718F4-B688-4A6E-8168-DBA76F0496ED}.Debug|x86.Build.0 = Debug|Win32
		{F6A718F4-B688-4A6E-8168-DBA76F0496ED}.Release|x64.ActiveCfg = Release|x64
		{F6A718F4-B688-4A6E-8168-DBA76F0496ED}.Release|x64.Build.0 = Release|x64
		{F6A718F4-B688-4A6E-8168-DBA76F0496ED}.Release|x86.ActiveCfg = Release|Win32
		{F6A718F4-B688-4A6E-8168-DBA76F0496ED}.Release|x86.Build.0 = Release|Win32
		{99900F05-C365-44BC-B6CA-8C97CC10F7A7}.Debug|x64.ActiveCfg = Debug|x64
		{99900F05-C365-44BC-B6CA-8C97CC10F7A7}.Debug|x64.Build.0 = Debug|x64
		{99900F05-C365-44BC-B6CA-8C97CC10F7A7}.Debug|x86.ActiveCfg = Debug|Win32
		{99900F05-C365-44BC-B6CA-8C97CC10F7A7}.Debug|x86.Build.0 = Debug|Win32
		{99900F05-C365-44BC-B6CA-8C97CC10F7A7}.Release|x64.ActiveCfg = Release|x64
		{99900F05-C365-44BC-B6CA-8C97CC10F7A7}.Release|x64.Build.0 = Release|x64
		{99900F05-C365-44BC-B6CA-8C97CC10F7A7}.Release|x86.ActiveCfg = Release|Win32
		{99900F05-C365-44BC-B6CA-8C97CC10F7A7}.Release|x86.Build.0 = Release|Win32
		{A5603940-04D9-4459-8AF3-5D0F10A88EAF}.Debug|x64.ActiveCfg = Debug|x64
		{A5603940-04D9-4459-8AF3-5D0F10A88EAF}.Debug|x64.Build.0 = Debug|x64
		{A5603940-04D9-4459-8AF3-5D0F10A88EAF}.Debug|x86.ActiveCfg = Debug|Win32
		{A5603940-04D9-4459-8AF3-5D0F10A88EAF}.Debug|x86.Build.0 = Debug|Win32
		{A5603940-04D9-4459-8AF3-5D0F10A88EAF}.Release|x64.ActiveCfg = Release|x64
		{A5603940-04D9-4459-8AF3-5D0F10A88EAF}.Release|x64.Build.0 = Release|x64
		{A5603940-04D9-4459-8AF3-5D0F10A88EAF}.Release|x86.ActiveCfg = Release|Win32
		{A5603940-04D9-4459-8AF3-5D0F10A88EAF}.Release|x86.Build.0 = Release|Win32
		{79D14953-291F-4A29-9DCE-9E599965B7AB}.Debug|x64.ActiveCfg = Debug|x64
		{79D14953-291F-4A29-9DCE-9E599965B7AB}.Debug|x64.Build.0 = Debug|x64
		{79D14953-291F-4A29-9DCE-9E599965B7AB}.Debug|x86.ActiveCfg = Debug|Win32
		{79D14953-291F-4A29-9DCE-9E599965B7AB}.Debug|x86.Build.0 = Debug|Win32
		{79D14953-291F-4A29-9DCE-9E599965B7AB}.Release|x64.ActiveCfg = Release|x64
		{79D14953-291F-4A29-9DCE-9E599965B7AB}.Release|x64.Build.0 = Release|x64
		{79D14953-291F-4A29-9DCE-9E599965B7AB}.Release|x86.ActiveCfg = Release|Win32
		{79D14953-291F-4A29-9DCE-9E599965B7AB}.Release|x86.Build.0 = Release|Win32
		{21A8EE90-311B-493C-8BDB-F8FD092E13DD}.Debug|x64.ActiveCfg = Debug|x64
		{21A8EE90-311B-493C-8BDB-F8FD092E13DD}.Debug|x64.Build.0 = Debug|x64
		{21A8EE90-311B-493C-8BDB-F8FD092E13DD}.Debug|x86.ActiveCfg = Debug|Win32
		{21A8EE90-311B-493C-8BDB-F8FD092E13DD}.Debug|x86.Build.0 = Debug|Win32
		{21A8EE90-311B-493C-8BDB-F8FD092E13DD}.Release|x64.ActiveCfg = Release|x64
		{21A8EE90-311B-493C-8BDB-F8FD092E13DD}.Release|x64.Build.0 = Release|x64
		{21A8EE90-311B-493C-8BDB-F8FD092E13DD}.Release|x86.ActiveCfg = Release|Win32
		{21A8EE90-311B-493C-8BDB-F8FD092E13DD}.Release|x86.Build.0 = Release|Win32
		{564A642B-3EB3-4B29-B0D7-91FA74583AD7}.Debug|x64.ActiveCfg = Debug|x64
		{564A642B-3EB3-4B29-B0D7-91FA74583AD7}.Debug|x64.Build.0 = Debug|x64
		{564A642B-3EB3-4B29-B0D7-91FA74583AD7}.Debug|x86.ActiveCfg = Debug|Win32
		{564A642B-3EB3-4B29-B0D7-91FA74583AD7}.Debug|x86.Build.0 = Debug|Win32
		{564A642B-3EB3-4B29-B0D7-91FA74583AD7}.Release|x64.ActiveCfg = Release|x64
		{564A642B-3EB3-4B29-B0D7-91FA74583AD7}.Release|x64.Build.0 = Release|x64
		{564A642B-3EB3-4B29-B0D7-91FA74583AD7}.Release|x86.ActiveCfg = Release|Win32
		{564A642B-3EB3-4B29-B0D7-91FA74583AD7}.Release|x86.Build.0 = Release|Win32
		{7B80CBD8-E166-439F-95A0-9D8540DD8361}.Debug|x64.ActiveCfg = Debug|x64
		{7B80CBD8-E166-439F-95A0-9D8540DD8361}.Debug|x64.Build.0 = Debug|x64
		{7B80CBD8-E166-439F-95A0-9D8540DD8361}.Debug|x86.ActiveCfg = Debug|Win32
		{7B80CBD8-E166-439F-95A0-9D8540DD8361}.Debug|x86.Build.0 = Debug|Win32
		{7B80CBD8-E166-439F-95A0-9D8540DD8361}.Release|x64.ActiveCfg = Release|x64
		{7B80CBD8-E166-439F-95A0-9D8540DD8361}.Release|x64.Build.0 = Release|x64
		{7B80CBD8-E166-439F-95A0-9D8540DD8361}.Release|x86.ActiveCfg = Release|Win32
		{7B80CBD8-E166-439F-95A0-9D8540DD8361}.Release|x86.Build.0 = Release|Win32
		{A3E94BC8-7D3A-40E7-AB56-D83C939EBD11}.Debug|x64.ActiveCfg = Debug|x64
		{A3E94BC8-7D3A-40E7-AB56-D83C939EBD11}.Debug|x64.Build.0 = Debug|x64
		{A3E94BC8-7D3A-40E7-AB56-D83C939EBD11}.Debug|x86.ActiveCfg = Debug|Win32
		{A3E94BC8-7D3A-40E7-AB56-D83C939EBD11}.Debug|x86.Build.0 = Debug|Win32
		{A3E94BC8-7D3A-40E7-AB56-D83C939EBD11}.Release|x64.ActiveCfg = Release|x64
		{A3E94BC8-7D3A-40E7-AB56-D83C939EBD11}.Release|x64.Build.0 = Release|x64
		{A3E94BC8-7D3A-40E7-AB56-D83C939EBD11}.Release|x86.ActiveCfg = Release|Win32
		{A3E94BC8-7D3A-40E7-AB56-D83C939EBD11}.Release|x86.Build.0 = Release|Win32
		{6DE7B5B3-ABF4-4B3F-9862-87D237B72282}.Debug|x64.ActiveCfg = Debug|x64
		{6DE7B5B3-ABF4-4B3F-9862-87D237B72282}.Debug|x64.Build.0 = Debug|x64
		{6DE7B5B3-ABF4-4B3F-9862-87D237B72282}.Debug|x86.ActiveCfg = Debug|Win32
		{6DE7B5B3-ABF4-4B3F-9862-87D237B72282}.Debug|x86.Build.0 = Debug|Win32
		{6DE7B5B3-ABF4-4B3F-9862-87D237B72282}.Release|x64.ActiveCfg = Release|x64
		{6DE7B5B3-ABF4-4B3F-9862-87D237B72282}.Release|x64.Build.0 = Release|x64
		{6DE7B5B3-ABF4-4B3F-9862-87D237B72282}.Release|x86.ActiveCfg = Release|Win32
		{6DE7B5B3-ABF4-4B3F-9862-87D237B72282}.Release|x86.Build.0 = Release|Win32
		{E1F5121C-B3B8-461B-8006-3F425FC59EA6}.Debug|x64.ActiveCfg = Debug|x64
		{E1F5121C-B3B8-461B-8006-3F425FC59EA6}.Debug|x64.Build.0 = Debug|x64
		{E1F5121C-B3B8-461B-8006-3F425FC59EA6}.Debug|x86.ActiveCfg = Debug|Win32
		{E1F5121C-B3B8-461B-8006-3F425FC59EA6}.Debug|x86.Build.0 = Debug|Win32
		{E1F5121C-B3B8-461B-8006-3F425FC59EA6}.Release|x64.ActiveCfg = Release|x64
		{E1F5121C-B3B8-461B-8006-3F425FC59EA6}.Release|x64.Build.0 = Release|x64
		{E1F5121C-B3B8-461B-8006-3F425FC59EA6}.Release|x86.ActiveCfg = Release|Win32
		{E1F5121C-B3B8-461B-8006-3F425FC59EA6}.Release|x86.Build.0 = Release|Win32
		{86C0508B-111E-4B4E-BFC1-ECC53C38676D}.Debug|x64.ActiveCfg = Debug|x64
		{86C0508B-111E-4B4E-BFC1-ECC53C38676D}.Debug|x64.Build.0 = Debug|x64
		{86C0508B-111E-4B4E-BFC1-ECC53C38676D}.Debug|x86.ActiveCfg = Debug|Win32
		{86C0508B-111E-4B4E-BFC1-ECC53C38676D}.Debug|x86.Build.0 = Debug|Win32
		{86C0508B-111E-4B4E-BFC1-ECC53C38676D}.Release|x64.ActiveCfg = Release|x64
		{86C0508B-111E-4B4E-BFC1-ECC53C38676D}.Release|x64.Build.0 = Release|x64
		{86C0508B-111E-4B4E-BFC1-ECC53C38676D}.Release|x86.ActiveCfg = Release|Win32
		{86C0508B-111E-4B4E-BFC1-ECC53C38676D}.Release|x86.Build.0 = Release|Win32
		{7F2E70A6-605C-4E7A-B691-2EEF4C525172}.Debug|x64.ActiveCfg = Debug|x64
		{7F2E70A6-605C-4E7A-B691-2EEF4C525172}.Debug|x64.Build.0 = Debug|x64
		{7F2E70A6-605C-4E7A-B691-2EEF4C525172}.Debug|x86.ActiveCfg = Debug|Win32
		{7F2E70A6-605C-4E7A-B691-2EEF4C525172}.Debug|x86.Build.0 = Debug|Win32
		{7F2E70A6-605C-4E7A-B691-2EEF4C525172}.Release|x64.ActiveCfg = Release|x64
		{7F2E70A6-605C-4E7A-B691-2EEF4C525172}.Release|x64.Build.0 = Release|x64
		{7F2E70A6-605C-4E7A-B691-2EEF4C525172}.Release|x86.ActiveCfg = Release|Win32
		{7F2E70A6-605C-4E7A-B691-2EEF4C525172}.Release|x86.Build.0 = Release|Win32
		{21AFF648-A76D-4C81-AE19-3066BE6C4F3D}.Debug|x64.ActiveCfg = Debug|x64
		{21AFF648-A76D-4C81-AE19-3066BE6C4F3D}.Debug|x64.Build.0 = Debug|x64
		{21AFF648-A76D-4C81-AE19-3066BE6C4F3D}.Debug|x86.ActiveCfg = Debug|Win32
		{21AFF648-A76D-4C81-AE19-3066BE6C4F3D}.Debug|x86.Build.0 = Debug|Win32
		{21AFF648-A76D-4C81-AE19-3066BE6C4F3D}.Release|x64.ActiveCfg = Release|x64
		{21AFF648-A76D-4C81-AE19-3066BE6C4F3D}.Release|x64.Build.0 = Release|x64
		{21AFF648-A76D-4C81-AE19-3066BE6C4F3D}.Release|x86.ActiveCfg = Release|Win32
		{21AFF648-A76D-4C81-AE19-3066BE6C4F3D}.Release|x86.Build.0 = Release|Win32
		{EDC6A836-7A44-4B70-9121-250298AFF877}.Debug|x64.ActiveCfg = Debug|x64
		{EDC6A836-7A44-4B70-9121-250298AFF877}.Debug|x64.Build.0 = Debug|x64
		{EDC6A836-7A44-4B70-9121-250298AFF877}.Debug|x86.ActiveCfg = Debug|Win32
		{EDC6A836-7A44-4B70-9121-250298AFF877}.Debug|x86.Build.0 = Debug|Win32
		{EDC6A836-7A44-4B70-9121-250298AFF877}.Release|x64.ActiveCfg = Release|x64
		{EDC6A836-7A44-4B70-9121-250298AFF877}.Release|x64.Build.0 = Release|x64
		{EDC6A836-7A44-4B70-9121-250298AFF877}.Release|x86.ActiveCfg = Release|Win32
		{EDC6A836-7A44-4B70-9121-250298AFF877}.Release|x86.Build.0 = Release|Win32
		{2DE21970-AB21-46AB-BCAA-B6A0D718766B}.Debug|x64.ActiveCfg = Debug|x64
		{2DE21970-AB21-46AB-BCAA-B6A0D718766B}.Debug|x64.Build.0 = Debug|x64
		{2DE21970-AB21-46AB-BCAA-B6A0D718766B}.Debug|x86.ActiveCfg = Debug|Win32
		{2DE21970-AB21-46AB-BCAA-B6A0D718766B}.Debug|x86.Build.0 = Debug|Win32
		{2DE21970-AB21-46AB-BCAA-B6A0D718766B}.Release|x64.ActiveCfg = Release|x64
		{2DE21970-AB21-46AB-BCAA-B6A0D718766B}.Release|x64.Build.0 = Release|x64
		{2DE21970-AB21-46AB-BCAA-B6A0D718766B}.Release|x86.ActiveCfg = Release|Win32
		{2DE21970-AB21-46AB-BCAA-B6A0D718766B}.Release|x86.Build.0 = Release|Win32
		{C299D370-A0F4-4C08-A7C1-CF562ECCFD81}.Debug|x64.ActiveCfg = Debug|x64
		{C299D370-A0F4-4C08-A7C1-CF562ECCFD81}.Debug|x64.Build.0 = Debug|x64
		{C299D370-A0F4-4C08-A7C1-CF562ECCFD81}.Debug|x86.ActiveCfg = Debug|Win32
		{C299D370-A0F4-4C08-A7C1-CF562ECCFD81}.Debug|x86.Build.0 = Debug|Win32
		{C299D370-A0F4-4C08-A7C1-CF562ECCFD81}.Release|x64.ActiveCfg = Release|x64
		{C299D370-A0F4-4C08-A7C1-CF562ECCFD81}.Release|x64.Build.0 = Release|x64
		{C299D370-A0F4-4C08-A7C1-CF562ECCFD81}.Release|x86.ActiveCfg = Release|Win32
		{C299D370-A0F4-4C08-A7C1-CF562ECCFD81}.Release|x86.Build.0 = Release|Win32
		{174458B0-4CC3-4A0D-9408-F0A40A3087BB}.Debug|x64.ActiveCfg = Debug|x64
		{174458B0-4CC3-4A0D-9408-F0A40A3087BB}.Debug|x64.Build.0 = Debug|x64
		{174458B0-4CC3-4A0D-9408-F0A40A3087BB}.Debug|x86.ActiveCfg = Debug|Win32
		{174458B0-4CC3-4A0D-9408-F0A40A3087BB}.Debug|x86.Build.0 = Debug|Win32
		{174458B0-4CC3-4A0D-9408-F0A40A3087BB}.Release|x64.ActiveCfg = Release|x64
		{174458B0-4CC3-4A0D-9408-F0A40A3087BB}.Release|x64.Build.0 = Release|x64
		{174458B0-4CC3-4A0D-9408-F0A40A3087BB}.Release|x86.ActiveCfg = Release|Win32
		{174458B0-4CC3-4A0D-9408-F0A40A3087BB}.Release|x86.Build.0 = Release|Win32
		{EC77C361-6A5D-4009-8DCA-74DC6029477F}.Debug|x64.ActiveCfg = Debug|x64
		{EC77C361-6A5D-4009-8DCA-74DC6029477F}.Debug|x64.Build.0 = Debug|x64
		{EC77C361-6A5D-4009-8DCA-74DC6029477F}.Debug|x86.ActiveCfg = Debug|Win32
		{EC77C361-6A5D-4009-8DCA-74DC6029477F}.Debug|x86.Build.0 = Debug|Win32
		{EC77C361-6A5D-4009-8DCA-74DC6029477F}.Release|x64.ActiveCfg = Release|x64
		{EC77C361-6A5D-4009-8DCA-74DC6029477F}.Release|x64.Build.0 = Release|x64
		{EC77C361-6A5D-4009-8DCA-74DC6029477F}.Release|x86.ActiveCfg = Release|Win32
		{EC77C361-6A5D-4009-8DCA-74DC6029477F}.Release|x86.Build.0 = Release|Win32
		{C65ECEE6-48B2-4A4D-BF63-18F2CEA5CD0A}.Debug|x64.ActiveCfg = Debug|x64
		{C65ECEE6-48B2-4A4D-BF63-18F2CEA5CD0A}.Debug|x64.Build.0 = Debug|x64
		{C65ECEE6-48B2-4A4D-BF63-18F2CEA5CD0A}.Debug|x86.ActiveCfg = Debug|Win32
		{C65ECEE6-48B2-4A4D-BF63-18F2CEA5CD0A}.Debug|x86.Build.0 = Debug|Win32
		{C65ECEE6-48B2-4A4D-BF63-18F2CEA5CD0A}.Release|x64.ActiveCfg = Release|x64
		{C65ECEE6-48B2-4A4D-BF63-18F2CEA5CD0A}.Release|x64.Build.0 = Release|x64
		{C65ECEE6-48B2-4A4D-BF63-18F2CEA5CD0A}.Release|x86.ActiveCfg = Release|Win32
		{C65ECEE6-48B2-4A4D-BF63-18F2CEA5CD0A}.Release|x86.Build.0 = Release|Win32
		{DBB1568A-ED25-4D7D-AC66-5EF0CF45660D}.Debug|x64.ActiveCfg = Debug|x64
		{DBB1568A-ED25-4D7D-AC66-5EF0CF45660D}.Debug|x64.Build.0 = Debug|x64
		{DBB1568A-ED25-4D7D-AC66-5EF0CF45660D}.Debug|x86.ActiveCfg = Debug|Win32
		{DBB1568A-ED25-4D7D-AC66-5EF0CF45660D}.Debug|x86.Build.0 = Debug|Win32
		{DBB1568A-ED25-4D7D-AC66-5EF0CF45660D}.Release|x64.ActiveCfg = Release|x64
		{DBB1568A-ED25-4D7D-AC66-5EF0CF45660D}.Release|x64.Build.0 = Release|x64
		{DBB1568A-ED25-4D7D-AC66-5EF0CF45660D}.Release|x86.ActiveCfg = Release|Win32
		{DBB1568A-ED25-4D7D-AC66-5EF0CF45660D}.Release|x86.Build.0 = Release|Win32
		{5BBC6E38-E3E6-43C7-9B74-A9C97D01369E}.Debug|x64.ActiveCfg = Debug|x64
		{5BBC6E38-E3E6-43C7-9B74-A9C97D01369E}.Debug|x64.Build.0 = Debug|x64
		{5BBC6E38-E3E6-43C7-9B74-A9C97D01369E}.Debug|x86.ActiveCfg = Debug|Win32
		{5BBC6E38-E3E6-43C7-9B74-A9C97D01369E}.Debug|x86.Build.0 = Debug|Win32
		{5BBC6E38-E3E6-43C7-9B74-A9C97D01369E}.Release|x64.ActiveCfg = Release|x64
		{5BBC6E38-E3E6-43C7-9B74-A9C97D01369E}.Release|x64.Build.0 = Release|x64
		{5BBC6E38-E3E6-43C7-9B74-A9C97D01369E}.Release|x86.ActiveCfg = Release|Win32
		{5BBC6E38-E3E6-43C7-9B74-A9C97D01369E}.Release|x86.Build.0 = Release|Win32
		{C6CEED55-306E-42EA-95A8-0555AF19A4E7}.Debug|x64.ActiveCfg = Debug|x64
		{C6CEED55-306E-42EA-95A8-0555AF19A4E7}.Debug|x64.Build.0 = Debug|x64
		{C6CEED55-306E-42EA-95A8-0555AF19A4E7}.Debug|x86.ActiveCfg = Debug|Win32
		{C6CEED55-306E-42EA-95A8-0555AF19A4E7}.Debug|x86.Build.0 = Debug|Win32
		{C6CEED55-306E-42EA-95A8-0555AF19A4E7}.Release|x64.ActiveCfg = Release|x64
		{C6CEED55-306E-42EA-95A8-0555AF19A4E7}.Release|x64.Build.0 = Release|x64
		{C6CEED55-306E-42EA-95A8-0555AF19A4E7}.Release|x86.ActiveCfg = Release|Win32
		{C6CEED55-306E-42EA-95A8-0555AF19A4E7}.Release|x86.Build.0 = Release|Win32
		{085AB3F8-CE6A-4CC7-AAB4-DCB9A80A808D}.Debug|x64.ActiveCfg = Debug|x64
		{085AB3F8-CE6A-4CC7-AAB4-DCB9A80A808D}.Debug|x64.Build.0 = Debug|x64
		{085AB3F8-CE6A-4CC7-AAB4-DCB9A80A808D}.Debug|x86.ActiveCfg = Debug|Win32
		{085AB3F8-CE6A-4CC7-AAB4-DCB9A80A808D}.Debug|x86.Build.0 = Debug|Win32
		{085AB3F8-CE6A-4CC7-AAB4-DCB9A80A808D}.Release|x64.ActiveCfg = Release|x64
		{085AB3F8-CE6A-4CC7-AAB4-DCB9A80A808D}.Release|x64.Build.0 = Release|x64
		{085AB3F8-CE6A-4CC7-AAB4-DCB9A80A808D}.Release|x86.ActiveCfg = Release|Win32
		{085AB3F8-CE6A-4CC7-AAB4-DCB9A80A808D}.Release|x86.Build.0 = Release|Win32
		{EAFB4C49-997C-4BEF-BE01-BE0CCA9AF3BB}.Debug|x64.ActiveCfg = Debug|x64
		{EAFB4C49-997C-4BEF-BE01-BE0CCA9AF3BB}.Debug|x64.Build.0 = Debug|x64
		{EAFB4C49-997C-4BEF-BE01-BE0CCA9AF3BB}.Debug|x86.ActiveCfg = Debug|Win32
		{EAFB4C49-997C-4BEF-BE01-BE0CCA9AF3BB}.Debug|x86.Build.0 = Debug|Win32
		{EAFB4C49-997C-4BEF-BE01-BE0CCA9AF3BB}.Release|x64.ActiveCfg = Release|x64
		{EAFB4C49-997C-4BEF-BE01-BE0CCA9AF3BB}.Release|x64.Build.0 = Release|x64
		{EAFB4C49-997C-4BEF-BE01-BE0CCA9AF3BB}.Release|x86.ActiveCfg = Release|Win32
		{EAFB4C49-997C-4BEF-BE01-BE0CCA9AF3BB}.Release|x86.Build.0 = Release|Win32
		{15DD1CAB-CD0B-4A02-ACC1-19DBF3DF86B7}.Debug|x64.ActiveCfg = Debug|x64
		{15DD1CAB-CD0B-4A02-ACC1-19DBF3DF86B7}.Debug|x64.Build.0 = Debug|x64
		{15DD1CAB-CD0B-4A02-ACC1-19DBF3DF86B7}.Debug|x86.ActiveCfg = Debug|Win32
		{15DD1CAB-CD0B-4A02-ACC1-19DBF3DF86B7}.Debug|x86.Build.0 = Debug|Win32
		{15DD1CAB-CD0B-4A02-ACC1-19DBF3DF86B7}.Release|x64.ActiveCfg = Release|x64
		{15DD1CAB-CD0B-4A02-ACC1-19DBF3DF86B7}.Release|x64.Build.0 = Release|x64
		{15DD1CAB-CD0B-4A02-ACC1-19DBF3DF86B7}.Release|x86.ActiveCfg = Release|Win32
		{15DD1CAB-CD0B-4A02-ACC1-19DBF3DF86B7}.Release|x86.Build.0 = Release|Win32
		{99E4C21D-0E2B-4DD6-A1BC-901578E8232C}.Debug|x64.ActiveCfg = Debug|x64
		{99E4C21D-0E2B-4DD6-A1BC-901578E8232C}.Debug|x64.Build.0 = Debug|x64
		{99E4C21D-0E2B-4DD6-A1BC-901578E8232C}.Debug|x86.ActiveCfg = Debug|Win32
		{99E4C21D-0E2B-4DD6-A1BC-901578E8232C}.Debug|x86.Build.0 = Debug|Win32
		{99E4C21D-0E2B-4DD6-A1BC-901578E8232C}.Release|x64.ActiveCfg = Release|x64
		{99E4C21D-0E2B-4DD6-A1BC-901578E8232C}.Release|x64.Build.0 = Release|x64
		{99E4C21D-0E2B-4DD6-A1BC-901578E8232C}.Release|x86.ActiveCfg = Release|Win32
		{99E4C21D-0E2B-4DD6-A1BC-901578E8232C}.Release|x86.Build.0 = Release|Win32
		{75C124B1-703C-4953-9167-14F10C89EC93}.Debug|x64.ActiveCfg = Debug|x64
		{75C124B1-703C-4953-9167-14F10C89EC93}.Debug|x64.Build.0 = Debug|x64
		{75C124B1-703C-4953-9167-14F10C89EC93}.Debug|x86.ActiveCfg = Debug|Win32
		{75C124B1-703C-4953-9167-14F10C89EC93}.Debug|x86.Build.0 = Debug|Win32
		{75C124B1-703C-4953-9167-14F10C89EC93}.Release|x64.ActiveCfg = Release|x64
		{75C124B1-703C-4953-9167-14F10C89EC93}.Release|x64.Build.0 = Release|x64
		{75C124B1-703C-4953-9167-14F10C89EC93}.Release|x86.ActiveCfg = Release|Win32
		{75C124B1-703C-4953-9167-14F10C89EC93}.Release|x86.Build.0 = Release|Win32
		{8A1AE988-0311-44AB-A7AC-A7E52099274F}.Debug|x64.ActiveCfg = Debug|x64
		{8A1AE988-0311-44AB-A7AC-A7E52099274F}.Debug|x64.Build.0 = Debug|x64
		{8A1AE988-0311-44AB-A7AC-A7E52099274F}.Debug|x86.ActiveCfg = Debug|Win32
		{8A1AE988-0311-44AB-A7AC-A7E52099274F}.Debug|x86.Build.0 = Debug|Win32
		{8A1AE988-0311-44AB-A7AC-A7E52099274F}.Release|x64.ActiveCfg = Release|x64
		{8A1AE988-0311-44AB-A7AC-A7E52099274F}.Release|x64.Build.0 = Release|x64
		{8A1AE988-0311-44AB-A7AC-A7E52099274F}.Release|x86.ActiveCfg = Release|Win32
		{8A1AE988-0311-44AB-A7AC-A7E52099274F}.Release|x86.Build.0 = Release|Win32
		{F650F8E7-0124-4688-B378-327D7034ED13}.Debug|x64.ActiveCfg = Debug|x64
		{F650F8E7-0124-4688-B378-327D7034ED13}.Debug|x64.Build.0 = Debug|x64
		{F650F8E7-0124-4688-B378-327D7034ED13}.Debug|x86.ActiveCfg = Debug|Win32
		{F650F8E7-0124-4688-B378-327D7034ED13}.Debug|x86.Build.0 = Debug|Win32
		{F650F8E7-0124-4688-B378-327D7034ED13}.Release|x64.ActiveCfg = Release|x64
		{F650F8E7-0124-4688-B378-327D7034ED13}.Release|x64.Build.0 = Release|x64
		{F650F8E7-0124-4688-B378-327D7034ED13}.Release|x86.ActiveCfg = Release|Win32
		{F650F8E7-0124-4688-B378-327D7034ED13}.Release|x86.Build.0 = Release|Win32
		{4E001DE2-0685-499F-8CA2-99CC9BD16306}.Debug|x64.ActiveCfg = Debug|x64
		{4E001DE2-0685-499F-8CA2-99CC9BD16306}.Debug|x64.Build.0 = Debug|x64
		{4E001DE2-0685-499F-8CA2-99CC9BD16306}.Debug|x86.ActiveCfg = Debug|Win32
		{4E001DE2-0685-499F-8CA2-99CC9BD16306}.Debug|x86.Build.0 = Debug|Win32
		{4E001DE2-0685-499F-8CA2-99CC9BD16306}.Release|x64.ActiveCfg = Release|x64
		{4E001DE2-0685-499F-8CA2-99CC9BD16306}.Release|x64.Build.0 = Release|x64
		{4E001DE2-0685-499F-8CA2-99CC9BD16306}.Release|x86.ActiveCfg = Release|Win32
		{4E001DE2-0685-499F-8CA2-99CC9BD16306}.Release|x86.Build.0 = Release|Win32
	EndGlobalSection
	GlobalSection(SolutionProperties) = preSolution
		HideSolutionNode = FALSE
	EndGlobalSection
	GlobalSection(ExtensibilityGlobals) = postSolution
		SolutionGuid = {58D2BCFA-2161-4688-AA46-5264A6F36110}
	EndGlobalSection
EndGlobal
